
Microsoft Visual Studio Solution File, Format Version 12.00
# Visual Studio Version 16
VisualStudioVersion = 16.0.30225.117
MinimumVisualStudioVersion = 10.0.40219.1
Project("{FAE04EC0-301F-11D3-BF4B-00C04F79EFBC}") = "vehicleRENT", "vehicleRENT.csproj", "{0B713688-A125-43B7-BC32-173268FF765E}"
EndProject
Global
	GlobalSection(SolutionConfigurationPlatforms) = preSolution
		Debug|Any CPU = Debug|Any CPU
		Release|Any CPU = Release|Any CPU
	EndGlobalSection
	GlobalSection(ProjectConfigurationPlatforms) = postSolution
		{0B713688-A125-43B7-BC32-173268FF765E}.Debug|Any CPU.ActiveCfg = Debug|Any CPU
		{0B713688-A125-43B7-BC32-173268FF765E}.Debug|Any CPU.Build.0 = Debug|Any CPU
		{0B713688-A125-43B7-BC32-173268FF765E}.Release|Any CPU.ActiveCfg = Release|Any CPU
		{0B713688-A125-43B7-BC32-173268FF765E}.Release|Any CPU.Build.0 = Release|Any CPU
	EndGlobalSection
	GlobalSection(SolutionProperties) = preSolution
		HideSolutionNode = FALSE
	EndGlobalSection
	GlobalSection(ExtensibilityGlobals) = postSolution
		SolutionGuid = {701B4EB9-525E-4471-9A01-158AC156670F}
	EndGlobalSection
EndGlobal
